PODS:
  - Capacitor (7.3.0):
    - CapacitorCordova
  - CapacitorCordova (7.3.0)

DEPENDENCIES:
  - "Capacitor (from `../../../../node_modules/@capacitor/ios`)"
  - "CapacitorCordova (from `../../../../node_modules/@capacitor/ios`)"

EXTERNAL SOURCES:
  Capacitor:
    :path: "../../../../node_modules/@capacitor/ios"
  CapacitorCordova:
    :path: "../../../../node_modules/@capacitor/ios"

SPEC CHECKSUMS:
  Capacitor: 8585c18a230122906e114ba5f6325ec65ee1371f
  CapacitorCordova: 2685f5c43675793b5f06dfd66b3b26268f003b97

PODFILE CHECKSUM: de7a352a1de5b6a3b34e47184d3dced542fe70fb

COCOAPODS: 1.16.2
